{
    "_meta": {
        "hash": {
            "sha256": "3f0f260020e64414e681089804632ae352a92435528e7bb5a236b1525f7eee41"
        },
        "pipfile-spec": 6,
        "requires": {
            "python_full_version": "3.12.3",
            "python_version": "3.12"
        },
        "sources": [
            {
                "name": "pypi",
                "url": "https://pypi.org/simple",
                "verify_ssl": true
            }
        ]
    },
    "default": {
        "nlptools": {
            "editable": true,
            "file": "."
        }
    },
    "develop": {}
}
